// !$*UTF8*$!
{
	archiveVersion = 1;
	classes = {
	};
	objectVersion = 46;
	objects = {

/* Begin PBXBuildFile section */
		1D9428AD11F458FA7DA793CD /* Pods_TietoVisaTests.framework in Frameworks */ = {isa = PBXBuildFile; fileRef = AD907D96AD71A57DB9549A5F /* Pods_TietoVisaTests.framework */; };
		3566EF46AB04D86291243014 /* Pods_TietoVisa.framework in Frameworks */ = {isa = PBXBuildFile; fileRef = 6CD50C34628BDB1A3033EAA7 /* Pods_TietoVisa.framework */; };
		503F42C0FA18639EA32729AF /* Pods_TietoVisaUITests.framework in Frameworks */ = {isa = PBXBuildFile; fileRef = EDFBE07E91E2062F3D2E1397 /* Pods_TietoVisaUITests.framework */; };
		ADA19E101E83BC2B00F56CA2 /* LogInViewController.swift in Sources */ = {isa = PBXBuildFile; fileRef = ADA19E0F1E83BC2B00F56CA2 /* LogInViewController.swift */; };
		ADA19E501E84005800F56CA2 /* model.xcdatamodeld in Sources */ = {isa = PBXBuildFile; fileRef = ADA19E4E1E84005800F56CA2 /* model.xcdatamodeld */; };
		ADC841871E9F9AEA00282FE9 /* CategoryViewController.swift in Sources */ = {isa = PBXBuildFile; fileRef = ADC841861E9F9AEA00282FE9 /* CategoryViewController.swift */; };
		ADD252741E71B5BC00EEC72D /* AppDelegate.swift in Sources */ = {isa = PBXBuildFile; fileRef = ADD252731E71B5BC00EEC72D /* AppDelegate.swift */; };
		ADD252761E71B5BC00EEC72D /* ViewController.swift in Sources */ = {isa = PBXBuildFile; fileRef = ADD252751E71B5BC00EEC72D /* ViewController.swift */; };
		ADD252791E71B5BC00EEC72D /* Main.storyboard in Resources */ = {isa = PBXBuildFile; fileRef = ADD252771E71B5BC00EEC72D /* Main.storyboard */; };
		ADD2527B1E71B5BC00EEC72D /* Assets.xcassets in Resources */ = {isa = PBXBuildFile; fileRef = ADD2527A1E71B5BC00EEC72D /* Assets.xcassets */; };
		ADD2527E1E71B5BC00EEC72D /* LaunchScreen.storyboard in Resources */ = {isa = PBXBuildFile; fileRef = ADD2527C1E71B5BC00EEC72D /* LaunchScreen.storyboard */; };
		ADD252891E71B5BC00EEC72D /* TietoVisaTests.swift in Sources */ = {isa = PBXBuildFile; fileRef = ADD252881E71B5BC00EEC72D /* TietoVisaTests.swift */; };
		ADD252941E71B5BC00EEC72D /* TietoVisaUITests.swift in Sources */ = {isa = PBXBuildFile; fileRef = ADD252931E71B5BC00EEC72D /* TietoVisaUITests.swift */; };
		ADDBE0F41E773A4300ED1A03 /* GoogleService-Info.plist in Resources */ = {isa = PBXBuildFile; fileRef = ADDBE0F31E773A4300ED1A03 /* GoogleService-Info.plist */; };
		ADDBE0F61E773FD500ED1A03 /* ComposeViewController.swift in Sources */ = {isa = PBXBuildFile; fileRef = ADDBE0F51E773FD500ED1A03 /* ComposeViewController.swift */; };
		ADEB4B0B1E8952D80015138A /* ScoreViewController.swift in Sources */ = {isa = PBXBuildFile; fileRef = ADEB4B0A1E8952D80015138A /* ScoreViewController.swift */; };
		ADF7C9E91E7A79E7000014C1 /* GameScreenViewController.swift in Sources */ = {isa = PBXBuildFile; fileRef = ADF7C9E81E7A79E7000014C1 /* GameScreenViewController.swift */; };
/* End PBXBuildFile section */

/* Begin PBXContainerItemProxy section */
		ADD252851E71B5BC00EEC72D /* PBXContainerItemProxy */ = {
			isa = PBXContainerItemProxy;
			containerPortal = ADD252681E71B5BB00EEC72D /* Project object */;
			proxyType = 1;
			remoteGlobalIDString = ADD2526F1E71B5BB00EEC72D;
			remoteInfo = TietoVisa;
		};
		ADD252901E71B5BC00EEC72D /* PBXContainerItemProxy */ = {
			isa = PBXContainerItemProxy;
			containerPortal = ADD252681E71B5BB00EEC72D /* Project object */;
			proxyType = 1;
			remoteGlobalIDString = ADD2526F1E71B5BB00EEC72D;
			remoteInfo = TietoVisa;
		};
/* End PBXContainerItemProxy section */

/* Begin PBXFileReference section */
		0EF0A094786CC30B64409E9C /* Pods-TietoVisa.debug.xcconfig */ = {isa = PBXFileReference; includeInIndex = 1; lastKnownFileType = text.xcconfig; name = "Pods-TietoVisa.debug.xcconfig"; path = "Pods/Target Support Files/Pods-TietoVisa/Pods-TietoVisa.debug.xcconfig"; sourceTree = "<group>"; };
		5C9461DD6AD37A79F7318170 /* Pods-TietoVisaUITests.debug.xcconfig */ = {isa = PBXFileReference; includeInIndex = 1; lastKnownFileType = text.xcconfig; name = "Pods-TietoVisaUITests.debug.xcconfig"; path = "Pods/Target Support Files/Pods-TietoVisaUITests/Pods-TietoVisaUITests.debug.xcconfig"; sourceTree = "<group>"; };
		6966C71930D5F6E0A92C9600 /* Pods-TietoVisaUITests.release.xcconfig */ = {isa = PBXFileReference; includeInIndex = 1; lastKnownFileType = text.xcconfig; name = "Pods-TietoVisaUITests.release.xcconfig"; path = "Pods/Target Support Files/Pods-TietoVisaUITests/Pods-TietoVisaUITests.release.xcconfig"; sourceTree = "<group>"; };
		6CD50C34628BDB1A3033EAA7 /* Pods_TietoVisa.framework */ = {isa = PBXFileReference; explicitFileType = wrapper.framework; includeInIndex = 0; path = Pods_TietoVisa.framework; sourceTree = BUILT_PRODUCTS_DIR; };
		82B6D143C6724027F02469D9 /* Pods-TietoVisaTests.debug.xcconfig */ = {isa = PBXFileReference; includeInIndex = 1; lastKnownFileType = text.xcconfig; name = "Pods-TietoVisaTests.debug.xcconfig"; path = "Pods/Target Support Files/Pods-TietoVisaTests/Pods-TietoVisaTests.debug.xcconfig"; sourceTree = "<group>"; };
		AD907D96AD71A57DB9549A5F /* Pods_TietoVisaTests.framework */ = {isa = PBXFileReference; explicitFileType = wrapper.framework; includeInIndex = 0; path = Pods_TietoVisaTests.framework; sourceTree = BUILT_PRODUCTS_DIR; };
		ADA19E0F1E83BC2B00F56CA2 /* LogInViewController.swift */ = {isa = PBXFileReference; fileEncoding = 4; lastKnownFileType = sourcecode.swift; path = LogInViewController.swift; sourceTree = "<group>"; };
		ADA19E4F1E84005800F56CA2 /* model.xcdatamodel */ = {isa = PBXFileReference; lastKnownFileType = wrapper.xcdatamodel; path = model.xcdatamodel; sourceTree = "<group>"; };
		ADC841861E9F9AEA00282FE9 /* CategoryViewController.swift */ = {isa = PBXFileReference; fileEncoding = 4; lastKnownFileType = sourcecode.swift; path = CategoryViewController.swift; sourceTree = "<group>"; };
		ADD252701E71B5BC00EEC72D /* TietoVisa.app */ = {isa = PBXFileReference; explicitFileType = wrapper.application; includeInIndex = 0; path = TietoVisa.app; sourceTree = BUILT_PRODUCTS_DIR; };
		ADD252731E71B5BC00EEC72D /* AppDelegate.swift */ = {isa = PBXFileReference; lastKnownFileType = sourcecode.swift; path = AppDelegate.swift; sourceTree = "<group>"; };
		ADD252751E71B5BC00EEC72D /* ViewController.swift */ = {isa = PBXFileReference; lastKnownFileType = sourcecode.swift; path = ViewController.swift; sourceTree = "<group>"; };
		ADD252781E71B5BC00EEC72D /* Base */ = {isa = PBXFileReference; lastKnownFileType = file.storyboard; name = Base; path = Base.lproj/Main.storyboard; sourceTree = "<group>"; };
		ADD2527A1E71B5BC00EEC72D /* Assets.xcassets */ = {isa = PBXFileReference; lastKnownFileType = folder.assetcatalog; path = Assets.xcassets; sourceTree = "<group>"; };
		ADD2527D1E71B5BC00EEC72D /* Base */ = {isa = PBXFileReference; lastKnownFileType = file.storyboard; name = Base; path = Base.lproj/LaunchScreen.storyboard; sourceTree = "<group>"; };
		ADD2527F1E71B5BC00EEC72D /* Info.plist */ = {isa = PBXFileReference; lastKnownFileType = text.plist.xml; path = Info.plist; sourceTree = "<group>"; };
		ADD252841E71B5BC00EEC72D /* TietoVisaTests.xctest */ = {isa = PBXFileReference; explicitFileType = wrapper.cfbundle; includeInIndex = 0; path = TietoVisaTests.xctest; sourceTree = BUILT_PRODUCTS_DIR; };
		ADD252881E71B5BC00EEC72D /* TietoVisaTests.swift */ = {isa = PBXFileReference; lastKnownFileType = sourcecode.swift; path = TietoVisaTests.swift; sourceTree = "<group>"; };
		ADD2528A1E71B5BC00EEC72D /* Info.plist */ = {isa = PBXFileReference; lastKnownFileType = text.plist.xml; path = Info.plist; sourceTree = "<group>"; };
		ADD2528F1E71B5BC00EEC72D /* TietoVisaUITests.xctest */ = {isa = PBXFileReference; explicitFileType = wrapper.cfbundle; includeInIndex = 0; path = TietoVisaUITests.xctest; sourceTree = BUILT_PRODUCTS_DIR; };
		ADD252931E71B5BC00EEC72D /* TietoVisaUITests.swift */ = {isa = PBXFileReference; lastKnownFileType = sourcecode.swift; path = TietoVisaUITests.swift; sourceTree = "<group>"; };
		ADD252951E71B5BC00EEC72D /* Info.plist */ = {isa = PBXFileReference; lastKnownFileType = text.plist.xml; path = Info.plist; sourceTree = "<group>"; };
		ADDBE0F31E773A4300ED1A03 /* GoogleService-Info.plist */ = {isa = PBXFileReference; fileEncoding = 4; lastKnownFileType = text.plist.xml; path = "GoogleService-Info.plist"; sourceTree = "<group>"; };
		ADDBE0F51E773FD500ED1A03 /* ComposeViewController.swift */ = {isa = PBXFileReference; fileEncoding = 4; lastKnownFileType = sourcecode.swift; path = ComposeViewController.swift; sourceTree = "<group>"; };
		ADEB4B0A1E8952D80015138A /* ScoreViewController.swift */ = {isa = PBXFileReference; fileEncoding = 4; lastKnownFileType = sourcecode.swift; path = ScoreViewController.swift; sourceTree = "<group>"; };
		ADF7C9E81E7A79E7000014C1 /* GameScreenViewController.swift */ = {isa = PBXFileReference; fileEncoding = 4; lastKnownFileType = sourcecode.swift; path = GameScreenViewController.swift; sourceTree = "<group>"; };
		C701B4890CFD1AE05F46674B /* Pods-TietoVisa.release.xcconfig */ = {isa = PBXFileReference; includeInIndex = 1; lastKnownFileType = text.xcconfig; name = "Pods-TietoVisa.release.xcconfig"; path = "Pods/Target Support Files/Pods-TietoVisa/Pods-TietoVisa.release.xcconfig"; sourceTree = "<group>"; };
		CBEFBBB8051A69302F63380B /* Pods-TietoVisaTests.release.xcconfig */ = {isa = PBXFileReference; includeInIndex = 1; lastKnownFileType = text.xcconfig; name = "Pods-TietoVisaTests.release.xcconfig"; path = "Pods/Target Support Files/Pods-TietoVisaTests/Pods-TietoVisaTests.release.xcconfig"; sourceTree = "<group>"; };
		EDFBE07E91E2062F3D2E1397 /* Pods_TietoVisaUITests.framework */ = {isa = PBXFileReference; explicitFileType = wrapper.framework; includeInIndex = 0; path = Pods_TietoVisaUITests.framework; sourceTree = BUILT_PRODUCTS_DIR; };
/* End PBXFileReference section */

/* Begin PBXFrameworksBuildPhase section */
		ADD2526D1E71B5BB00EEC72D /* Frameworks */ = {
			isa = PBXFrameworksBuildPhase;
			buildActionMask = 2147483647;
			files = (
				3566EF46AB04D86291243014 /* Pods_TietoVisa.framework in Frameworks */,
			);
			runOnlyForDeploymentPostprocessing = 0;
		};
		ADD252811E71B5BC00EEC72D /* Frameworks */ = {
			isa = PBXFrameworksBuildPhase;
			buildActionMask = 2147483647;
			files = (
				1D9428AD11F458FA7DA793CD /* Pods_TietoVisaTests.framework in Frameworks */,
			);
			runOnlyForDeploymentPostprocessing = 0;
		};
		ADD2528C1E71B5BC00EEC72D /* Frameworks */ = {
			isa = PBXFrameworksBuildPhase;
			buildActionMask = 2147483647;
			files = (
				503F42C0FA18639EA32729AF /* Pods_TietoVisaUITests.framework in Frameworks */,
			);
			runOnlyForDeploymentPostprocessing = 0;
		};
/* End PBXFrameworksBuildPhase section */

/* Begin PBXGroup section */
		A40F1114E54016DEEA0A414C /* Pods */ = {
			isa = PBXGroup;
			children = (
				0EF0A094786CC30B64409E9C /* Pods-TietoVisa.debug.xcconfig */,
				C701B4890CFD1AE05F46674B /* Pods-TietoVisa.release.xcconfig */,
				82B6D143C6724027F02469D9 /* Pods-TietoVisaTests.debug.xcconfig */,
				CBEFBBB8051A69302F63380B /* Pods-TietoVisaTests.release.xcconfig */,
				5C9461DD6AD37A79F7318170 /* Pods-TietoVisaUITests.debug.xcconfig */,
				6966C71930D5F6E0A92C9600 /* Pods-TietoVisaUITests.release.xcconfig */,
			);
			name = Pods;
			sourceTree = "<group>";
		};
		ADD252671E71B5BB00EEC72D = {
			isa = PBXGroup;
			children = (
				ADD252721E71B5BC00EEC72D /* TietoVisa */,
				ADD252871E71B5BC00EEC72D /* TietoVisaTests */,
				ADD252921E71B5BC00EEC72D /* TietoVisaUITests */,
				ADD252711E71B5BC00EEC72D /* Products */,
				A40F1114E54016DEEA0A414C /* Pods */,
				E620A2377A254881E0629822 /* Frameworks */,
			);
			sourceTree = "<group>";
		};
		ADD252711E71B5BC00EEC72D /* Products */ = {
			isa = PBXGroup;
			children = (
				ADD252701E71B5BC00EEC72D /* TietoVisa.app */,
				ADD252841E71B5BC00EEC72D /* TietoVisaTests.xctest */,
				ADD2528F1E71B5BC00EEC72D /* TietoVisaUITests.xctest */,
			);
			name = Products;
			sourceTree = "<group>";
		};
		ADD252721E71B5BC00EEC72D /* TietoVisa */ = {
			isa = PBXGroup;
			children = (
				ADD252731E71B5BC00EEC72D /* AppDelegate.swift */,
				ADD252751E71B5BC00EEC72D /* ViewController.swift */,
				ADDBE0F51E773FD500ED1A03 /* ComposeViewController.swift */,
				ADF7C9E81E7A79E7000014C1 /* GameScreenViewController.swift */,
				ADEB4B0A1E8952D80015138A /* ScoreViewController.swift */,
				ADA19E0F1E83BC2B00F56CA2 /* LogInViewController.swift */,
				ADD252771E71B5BC00EEC72D /* Main.storyboard */,
				ADC841861E9F9AEA00282FE9 /* CategoryViewController.swift */,
				ADD2527A1E71B5BC00EEC72D /* Assets.xcassets */,
				ADD2527C1E71B5BC00EEC72D /* LaunchScreen.storyboard */,
				ADD2527F1E71B5BC00EEC72D /* Info.plist */,
				ADDBE0F31E773A4300ED1A03 /* GoogleService-Info.plist */,
				ADA19E4E1E84005800F56CA2 /* model.xcdatamodeld */,
			);
			path = TietoVisa;
			sourceTree = "<group>";
		};
		ADD252871E71B5BC00EEC72D /* TietoVisaTests */ = {
			isa = PBXGroup;
			children = (
				ADD252881E71B5BC00EEC72D /* TietoVisaTests.swift */,
				ADD2528A1E71B5BC00EEC72D /* Info.plist */,
			);
			path = TietoVisaTests;
			sourceTree = "<group>";
		};
		ADD252921E71B5BC00EEC72D /* TietoVisaUITests */ = {
			isa = PBXGroup;
			children = (
				ADD252931E71B5BC00EEC72D /* TietoVisaUITests.swift */,
				ADD252951E71B5BC00EEC72D /* Info.plist */,
			);
			path = TietoVisaUITests;
			sourceTree = "<group>";
		};
		E620A2377A254881E0629822 /* Frameworks */ = {
			isa = PBXGroup;
			children = (
				6CD50C34628BDB1A3033EAA7 /* Pods_TietoVisa.framework */,
				AD907D96AD71A57DB9549A5F /* Pods_TietoVisaTests.framework */,
				EDFBE07E91E2062F3D2E1397 /* Pods_TietoVisaUITests.framework */,
			);
			name = Frameworks;
			sourceTree = "<group>";
		};
/* End PBXGroup section */

/* Begin PBXNativeTarget section */
		ADD2526F1E71B5BB00EEC72D /* TietoVisa */ = {
			isa = PBXNativeTarget;
			buildConfigurationList = ADD252981E71B5BC00EEC72D /* Build configuration list for PBXNativeTarget "TietoVisa" */;
			buildPhases = (
				27E69D16540E1FB3AED81FE6 /* [CP] Check Pods Manifest.lock */,
				ADD2526C1E71B5BB00EEC72D /* Sources */,
				ADD2526D1E71B5BB00EEC72D /* Frameworks */,
				ADD2526E1E71B5BB00EEC72D /* Resources */,
				AEFA3F62946DD823799C0353 /* [CP] Embed Pods Frameworks */,
				68C4A4C0F70D8F73BA30A0B1 /* [CP] Copy Pods Resources */,
			);
			buildRules = (
			);
			dependencies = (
			);
			name = TietoVisa;
			productName = TietoVisa;
			productReference = ADD252701E71B5BC00EEC72D /* TietoVisa.app */;
			productType = "com.apple.product-type.application";
		};
		ADD252831E71B5BC00EEC72D /* TietoVisaTests */ = {
			isa = PBXNativeTarget;
			buildConfigurationList = ADD2529B1E71B5BC00EEC72D /* Build configuration list for PBXNativeTarget "TietoVisaTests" */;
			buildPhases = (
				001DCF27A128463ACCFCD3E1 /* [CP] Check Pods Manifest.lock */,
				ADD252801E71B5BC00EEC72D /* Sources */,
				ADD252811E71B5BC00EEC72D /* Frameworks */,
				ADD252821E71B5BC00EEC72D /* Resources */,
				1C57725A8B8A4D34CE07F13E /* [CP] Embed Pods Frameworks */,
				6F4E635DB2036439755ACED9 /* [CP] Copy Pods Resources */,
			);
			buildRules = (
			);
			dependencies = (
				ADD252861E71B5BC00EEC72D /* PBXTargetDependency */,
			);
			name = TietoVisaTests;
			productName = TietoVisaTests;
			productReference = ADD252841E71B5BC00EEC72D /* TietoVisaTests.xctest */;
			productType = "com.apple.product-type.bundle.unit-test";
		};
		ADD2528E1E71B5BC00EEC72D /* TietoVisaUITests */ = {
			isa = PBXNativeTarget;
			buildConfigurationList = ADD2529E1E71B5BC00EEC72D /* Build configuration list for PBXNativeTarget "TietoVisaUITests" */;
			buildPhases = (
				F7AE30540C35C91975D5A009 /* [CP] Check Pods Manifest.lock */,
				ADD2528B1E71B5BC00EEC72D /* Sources */,
				ADD2528C1E71B5BC00EEC72D /* Frameworks */,
				ADD2528D1E71B5BC00EEC72D /* Resources */,
				EB9D72129764EA0DC171A0DF /* [CP] Embed Pods Frameworks */,
				3A25407EC20199F3B34A0204 /* [CP] Copy Pods Resources */,
			);
			buildRules = (
			);
			dependencies = (
				ADD252911E71B5BC00EEC72D /* PBXTargetDependency */,
			);
			name = TietoVisaUITests;
			productName = TietoVisaUITests;
			productReference = ADD2528F1E71B5BC00EEC72D /* TietoVisaUITests.xctest */;
			productType = "com.apple.product-type.bundle.ui-testing";
		};
/* End PBXNativeTarget section */

/* Begin PBXProject section */
		ADD252681E71B5BB00EEC72D /* Project object */ = {
			isa = PBXProject;
			attributes = {
				LastSwiftUpdateCheck = 0820;
				LastUpgradeCheck = 0820;
				ORGANIZATIONNAME = "Marko Lehtola";
				TargetAttributes = {
					ADD2526F1E71B5BB00EEC72D = {
						CreatedOnToolsVersion = 8.2.1;
						DevelopmentTeam = 624VJ5N9DG;
						ProvisioningStyle = Automatic;
					};
					ADD252831E71B5BC00EEC72D = {
						CreatedOnToolsVersion = 8.2.1;
						DevelopmentTeam = 624VJ5N9DG;
						ProvisioningStyle = Automatic;
						TestTargetID = ADD2526F1E71B5BB00EEC72D;
					};
					ADD2528E1E71B5BC00EEC72D = {
						CreatedOnToolsVersion = 8.2.1;
						DevelopmentTeam = 624VJ5N9DG;
						ProvisioningStyle = Automatic;
						TestTargetID = ADD2526F1E71B5BB00EEC72D;
					};
				};
			};
			buildConfigurationList = ADD2526B1E71B5BB00EEC72D /* Build configuration list for PBXProject "TietoVisa" */;
			compatibilityVersion = "Xcode 3.2";
			developmentRegion = English;
			hasScannedForEncodings = 0;
			knownRegions = (
				en,
				Base,
			);
			mainGroup = ADD252671E71B5BB00EEC72D;
			productRefGroup = ADD252711E71B5BC00EEC72D /* Products */;
			projectDirPath = "";
			projectRoot = "";
			targets = (
				ADD2526F1E71B5BB00EEC72D /* TietoVisa */,
				ADD252831E71B5BC00EEC72D /* TietoVisaTests */,
				ADD2528E1E71B5BC00EEC72D /* TietoVisaUITests */,
			);
		};
/* End PBXProject section */

/* Begin PBXResourcesBuildPhase section */
		ADD2526E1E71B5BB00EEC72D /* Resources */ = {
			isa = PBXResourcesBuildPhase;
			buildActionMask = 2147483647;
			files = (
				ADD2527E1E71B5BC00EEC72D /* LaunchScreen.storyboard in Resources */,
				ADD2527B1E71B5BC00EEC72D /* Assets.xcassets in Resources */,
				ADDBE0F41E773A4300ED1A03 /* GoogleService-Info.plist in Resources */,
				ADD252791E71B5BC00EEC72D /* Main.storyboard in Resources */,
			);
			runOnlyForDeploymentPostprocessing = 0;
		};
		ADD252821E71B5BC00EEC72D /* Resources */ = {
			isa = PBXResourcesBuildPhase;
			buildActionMask = 2147483647;
			files = (
			);
			runOnlyForDeploymentPostprocessing = 0;
		};
		ADD2528D1E71B5BC00EEC72D /* Resources */ = {
			isa = PBXResourcesBuildPhase;
			buildActionMask = 2147483647;
			files = (
			);
			runOnlyForDeploymentPostprocessing = 0;
		};
/* End PBXResourcesBuildPhase section */

/* Begin PBXShellScriptBuildPhase section */
		001DCF27A128463ACCFCD3E1 /* [CP] Check Pods Manifest.lock */ = {
			isa = PBXShellScriptBuildPhase;
			buildActionMask = 2147483647;
			files = (
			);
			inputPaths = (
			);
			name = "[CP] Check Pods Manifest.lock";
			outputPaths = (
			);
			runOnlyForDeploymentPostprocessing = 0;
			shellPath = /bin/sh;
			shellScript = "diff \"${PODS_ROOT}/../Podfile.lock\" \"${PODS_ROOT}/Manifest.lock\" > /dev/null\nif [ $? != 0 ] ; then\n    # print error to STDERR\n    echo \"error: The sandbox is not in sync with the Podfile.lock. Run 'pod install' or update your CocoaPods installation.\" >&2\n    exit 1\nfi\n";
			showEnvVarsInLog = 0;
		};
		1C57725A8B8A4D34CE07F13E /* [CP] Embed Pods Frameworks */ = {
			isa = PBXShellScriptBuildPhase;
			buildActionMask = 2147483647;
			files = (
			);
			inputPaths = (
			);
			name = "[CP] Embed Pods Frameworks";
			outputPaths = (
			);
			runOnlyForDeploymentPostprocessing = 0;
			shellPath = /bin/sh;
			shellScript = "\"${SRCROOT}/Pods/Target Support Files/Pods-TietoVisaTests/Pods-TietoVisaTests-frameworks.sh\"\n";
			showEnvVarsInLog = 0;
		};
		27E69D16540E1FB3AED81FE6 /* [CP] Check Pods Manifest.lock */ = {
			isa = PBXShellScriptBuildPhase;
			buildActionMask = 2147483647;
			files = (
			);
			inputPaths = (
			);
			name = "[CP] Check Pods Manifest.lock";
			outputPaths = (
			);
			runOnlyForDeploymentPostprocessing = 0;
			shellPath = /bin/sh;
			shellScript = "diff \"${PODS_ROOT}/../Podfile.lock\" \"${PODS_ROOT}/Manifest.lock\" > /dev/null\nif [ $? != 0 ] ; then\n    # print error to STDERR\n    echo \"error: The sandbox is not in sync with the Podfile.lock. Run 'pod install' or update your CocoaPods installation.\" >&2\n    exit 1\nfi\n";
			showEnvVarsInLog = 0;
		};
		3A25407EC20199F3B34A0204 /* [CP] Copy Pods Resources */ = {
			isa = PBXShellScriptBuildPhase;
			buildActionMask = 2147483647;
			files = (
			);
			inputPaths = (
			);
			name = "[CP] Copy Pods Resources";
			outputPaths = (
			);
			runOnlyForDeploymentPostprocessing = 0;
			shellPath = /bin/sh;
			shellScript = "\"${SRCROOT}/Pods/Target Support Files/Pods-TietoVisaUITests/Pods-TietoVisaUITests-resources.sh\"\n";
			showEnvVarsInLog = 0;
		};
		68C4A4C0F70D8F73BA30A0B1 /* [CP] Copy Pods Resources */ = {
			isa = PBXShellScriptBuildPhase;
			buildActionMask = 2147483647;
			files = (
			);
			inputPaths = (
			);
			name = "[CP] Copy Pods Resources";
			outputPaths = (
			);
			runOnlyForDeploymentPostprocessing = 0;
			shellPath = /bin/sh;
			shellScript = "\"${SRCROOT}/Pods/Target Support Files/Pods-TietoVisa/Pods-TietoVisa-resources.sh\"\n";
			showEnvVarsInLog = 0;
		};
		6F4E635DB2036439755ACED9 /* [CP] Copy Pods Resources */ = {
			isa = PBXShellScriptBuildPhase;
			buildActionMask = 2147483647;
			files = (
			);
			inputPaths = (
			);
			name = "[CP] Copy Pods Resources";
			outputPaths = (
			);
			runOnlyForDeploymentPostprocessing = 0;
			shellPath = /bin/sh;
			shellScript = "\"${SRCROOT}/Pods/Target Support Files/Pods-TietoVisaTests/Pods-TietoVisaTests-resources.sh\"\n";
			showEnvVarsInLog = 0;
		};
		AEFA3F62946DD823799C0353 /* [CP] Embed Pods Frameworks */ = {
			isa = PBXShellScriptBuildPhase;
			buildActionMask = 2147483647;
			files = (
			);
			inputPaths = (
			);
			name = "[CP] Embed Pods Frameworks";
			outputPaths = (
			);
			runOnlyForDeploymentPostprocessing = 0;
			shellPath = /bin/sh;
			shellScript = "\"${SRCROOT}/Pods/Target Support Files/Pods-TietoVisa/Pods-TietoVisa-frameworks.sh\"\n";
			showEnvVarsInLog = 0;
		};
		EB9D72129764EA0DC171A0DF /* [CP] Embed Pods Frameworks */ = {
			isa = PBXShellScriptBuildPhase;
			buildActionMask = 2147483647;
			files = (
			);
			inputPaths = (
			);
			name = "[CP] Embed Pods Frameworks";
			outputPaths = (
			);
			runOnlyForDeploymentPostprocessing = 0;
			shellPath = /bin/sh;
			shellScript = "\"${SRCROOT}/Pods/Target Support Files/Pods-TietoVisaUITests/Pods-TietoVisaUITests-frameworks.sh\"\n";
			showEnvVarsInLog = 0;
		};
		F7AE30540C35C91975D5A009 /* [CP] Check Pods Manifest.lock */ = {
			isa = PBXShellScriptBuildPhase;
			buildActionMask = 2147483647;
			files = (
			);
			inputPaths = (
			);
			name = "[CP] Check Pods Manifest.lock";
			outputPaths = (
			);
			runOnlyForDeploymentPostprocessing = 0;
			shellPath = /bin/sh;
			shellScript = "diff \"${PODS_ROOT}/../Podfile.lock\" \"${PODS_ROOT}/Manifest.lock\" > /dev/null\nif [ $? != 0 ] ; then\n    # print error to STDERR\n    echo \"error: The sandbox is not in sync with the Podfile.lock. Run 'pod install' or update your CocoaPods installation.\" >&2\n    exit 1\nfi\n";
			showEnvVarsInLog = 0;
		};
/* End PBXShellScriptBuildPhase section */

/* Begin PBXSourcesBuildPhase section */
		ADD2526C1E71B5BB00EEC72D /* Sources */ = {
			isa = PBXSourcesBuildPhase;
			buildActionMask = 2147483647;
			files = (
				ADDBE0F61E773FD500ED1A03 /* ComposeViewController.swift in Sources */,
				ADA19E501E84005800F56CA2 /* model.xcdatamodeld in Sources */,
				ADD252761E71B5BC00EEC72D /* ViewController.swift in Sources */,
				ADA19E101E83BC2B00F56CA2 /* LogInViewController.swift in Sources */,
				ADC841871E9F9AEA00282FE9 /* CategoryViewController.swift in Sources */,
				ADF7C9E91E7A79E7000014C1 /* GameScreenViewController.swift in Sources */,
				ADD252741E71B5BC00EEC72D /* AppDelegate.swift in Sources */,
				ADEB4B0B1E8952D80015138A /* ScoreViewController.swift in Sources */,
			);
			runOnlyForDeploymentPostprocessing = 0;
		};
		ADD252801E71B5BC00EEC72D /* Sources */ = {
			isa = PBXSourcesBuildPhase;
			buildActionMask = 2147483647;
			files = (
				ADD252891E71B5BC00EEC72D /* TietoVisaTests.swift in Sources */,
			);
			runOnlyForDeploymentPostprocessing = 0;
		};
		ADD2528B1E71B5BC00EEC72D /* Sources */ = {
			isa = PBXSourcesBuildPhase;
			buildActionMask = 2147483647;
			files = (
				ADD252941E71B5BC00EEC72D /* TietoVisaUITests.swift in Sources */,
			);
			runOnlyForDeploymentPostprocessing = 0;
		};
/* End PBXSourcesBuildPhase section */

/* Begin PBXTargetDependency section */
		ADD252861E71B5BC00EEC72D /* PBXTargetDependency */ = {
			isa = PBXTargetDependency;
			target = ADD2526F1E71B5BB00EEC72D /* TietoVisa */;
			targetProxy = ADD252851E71B5BC00EEC72D /* PBXContainerItemProxy */;
		};
		ADD252911E71B5BC00EEC72D /* PBXTargetDependency */ = {
			isa = PBXTargetDependency;
			target = ADD2526F1E71B5BB00EEC72D /* TietoVisa */;
			targetProxy = ADD252901E71B5BC00EEC72D /* PBXContainerItemProxy */;
		};
/* End PBXTargetDependency section */

/* Begin PBXVariantGroup section */
		ADD252771E71B5BC00EEC72D /* Main.storyboard */ = {
			isa = PBXVariantGroup;
			children = (
				ADD252781E71B5BC00EEC72D /* Base */,
			);
			name = Main.storyboard;
			sourceTree = "<group>";
		};
		ADD2527C1E71B5BC00EEC72D /* LaunchScreen.storyboard */ = {
			isa = PBXVariantGroup;
			children = (
				ADD2527D1E71B5BC00EEC72D /* Base */,
			);
			name = LaunchScreen.storyboard;
			sourceTree = "<group>";
		};
/* End PBXVariantGroup section */

/* Begin XCBuildConfiguration section */
		ADD252961E71B5BC00EEC72D /* Debug */ = {
			isa = XCBuildConfiguration;
			buildSettings = {
				ALWAYS_SEARCH_USER_PATHS = NO;
				CLANG_ANALYZER_NONNULL = YES;
				CLANG_CXX_LANGUAGE_STANDARD = "gnu++0x";
				CLANG_CXX_LIBRARY = "libc++";
				CLANG_ENABLE_MODULES = YES;
				CLANG_ENABLE_OBJC_ARC = YES;
				CLANG_WARN_BOOL_CONVERSION = YES;
				CLANG_WARN_CONSTANT_CONVERSION = YES;
				CLANG_WARN_DIRECT_OBJC_ISA_USAGE = YES_ERROR;
				CLANG_WARN_DOCUMENTATION_COMMENTS = YES;
				CLANG_WARN_EMPTY_BODY = YES;
				CLANG_WARN_ENUM_CONVERSION = YES;
				CLANG_WARN_INFINITE_RECURSION = YES;
				CLANG_WARN_INT_CONVERSION = YES;
				CLANG_WARN_OBJC_ROOT_CLASS = YES_ERROR;
				CLANG_WARN_SUSPICIOUS_MOVE = YES;
				CLANG_WARN_UNREACHABLE_CODE = YES;
				CLANG_WARN__DUPLICATE_METHOD_MATCH = YES;
				"CODE_SIGN_IDENTITY[sdk=iphoneos*]" = "iPhone Developer";
				COPY_PHASE_STRIP = NO;
				DEBUG_INFORMATION_FORMAT = dwarf;
				ENABLE_STRICT_OBJC_MSGSEND = YES;
				ENABLE_TESTABILITY = YES;
				GCC_C_LANGUAGE_STANDARD = gnu99;
				GCC_DYNAMIC_NO_PIC = NO;
				GCC_NO_COMMON_BLOCKS = YES;
				GCC_OPTIMIZATION_LEVEL = 0;
				GCC_PREPROCESSOR_DEFINITIONS = (
					"DEBUG=1",
					"$(inherited)",
				);
				GCC_WARN_64_TO_32_BIT_CONVERSION = YES;
				GCC_WARN_ABOUT_RETURN_TYPE = YES_ERROR;
				GCC_WARN_UNDECLARED_SELECTOR = YES;
				GCC_WARN_UNINITIALIZED_AUTOS = YES_AGGRESSIVE;
				GCC_WARN_UNUSED_FUNCTION = YES;
				GCC_WARN_UNUSED_VARIABLE = YES;
				IPHONEOS_DEPLOYMENT_TARGET = 10.2;
				MTL_ENABLE_DEBUG_INFO = YES;
				ONLY_ACTIVE_ARCH = YES;
				SDKROOT = iphoneos;
				SWIFT_ACTIVE_COMPILATION_CONDITIONS = DEBUG;
				SWIFT_OPTIMIZATION_LEVEL = "-Onone";
			};
			name = Debug;
		};
		ADD252971E71B5BC00EEC72D /* Release */ = {
			isa = XCBuildConfiguration;
			buildSettings = {
				ALWAYS_SEARCH_USER_PATHS = NO;
				CLANG_ANALYZER_NONNULL = YES;
				CLANG_CXX_LANGUAGE_STANDARD = "gnu++0x";
				CLANG_CXX_LIBRARY = "libc++";
				CLANG_ENABLE_MODULES = YES;
				CLANG_ENABLE_OBJC_ARC = YES;
				CLANG_WARN_BOOL_CONVERSION = YES;
				CLANG_WARN_CONSTANT_CONVERSION = YES;
				CLANG_WARN_DIRECT_OBJC_ISA_USAGE = YES_ERROR;
				CLANG_WARN_DOCUMENTATION_COMMENTS = YES;
				CLANG_WARN_EMPTY_BODY = YES;
				CLANG_WARN_ENUM_CONVERSION = YES;
				CLANG_WARN_INFINITE_RECURSION = YES;
				CLANG_WARN_INT_CONVERSION = YES;
				CLANG_WARN_OBJC_ROOT_CLASS = YES_ERROR;
				CLANG_WARN_SUSPICIOUS_MOVE = YES;
				CLANG_WARN_UNREACHABLE_CODE = YES;
				CLANG_WARN__DUPLICATE_METHOD_MATCH = YES;
				"CODE_SIGN_IDENTITY[sdk=iphoneos*]" = "iPhone Developer";
				COPY_PHASE_STRIP = NO;
				DEBUG_INFORMATION_FORMAT = "dwarf-with-dsym";
				ENABLE_NS_ASSERTIONS = NO;
				ENABLE_STRICT_OBJC_MSGSEND = YES;
				GCC_C_LANGUAGE_STANDARD = gnu99;
				GCC_NO_COMMON_BLOCKS = YES;
				GCC_WARN_64_TO_32_BIT_CONVERSION = YES;
				GCC_WARN_ABOUT_RETURN_TYPE = YES_ERROR;
				GCC_WARN_UNDECLARED_SELECTOR = YES;
				GCC_WARN_UNINITIALIZED_AUTOS = YES_AGGRESSIVE;
				GCC_WARN_UNUSED_FUNCTION = YES;
				GCC_WARN_UNUSED_VARIABLE = YES;
				IPHONEOS_DEPLOYMENT_TARGET = 10.2;
				MTL_ENABLE_DEBUG_INFO = NO;
				SDKROOT = iphoneos;
				SWIFT_OPTIMIZATION_LEVEL = "-Owholemodule";
				VALIDATE_PRODUCT = YES;
			};
			name = Release;
		};
		ADD252991E71B5BC00EEC72D /* Debug */ = {
			isa = XCBuildConfiguration;
			baseConfigurationReference = 0EF0A094786CC30B64409E9C /* Pods-TietoVisa.debug.xcconfig */;
			buildSettings = {
				ASSETCATALOG_COMPILER_APPICON_NAME = AppIcon;
				DEVELOPMENT_TEAM = 624VJ5N9DG;
				INFOPLIST_FILE = TietoVisa/Info.plist;
				LD_RUNPATH_SEARCH_PATHS = "$(inherited) @executable_path/Frameworks";
				PRODUCT_BUNDLE_IDENTIFIER = MarkoLehtola.TietoVisa;
				PRODUCT_NAME = "$(TARGET_NAME)";
				SWIFT_VERSION = 3.0;
			};
			name = Debug;
		};
		ADD2529A1E71B5BC00EEC72D /* Release */ = {
			isa = XCBuildConfiguration;
			baseConfigurationReference = C701B4890CFD1AE05F46674B /* Pods-TietoVisa.release.xcconfig */;
			buildSettings = {
				ASSETCATALOG_COMPILER_APPICON_NAME = AppIcon;
				DEVELOPMENT_TEAM = 624VJ5N9DG;
				INFOPLIST_FILE = TietoVisa/Info.plist;
				LD_RUNPATH_SEARCH_PATHS = "$(inherited) @executable_path/Frameworks";
				PRODUCT_BUNDLE_IDENTIFIER = MarkoLehtola.TietoVisa;
				PRODUCT_NAME = "$(TARGET_NAME)";
				SWIFT_VERSION = 3.0;
			};
			name = Release;
		};
		ADD2529C1E71B5BC00EEC72D /* Debug */ = {
			isa = XCBuildConfiguration;
			baseConfigurationReference = 82B6D143C6724027F02469D9 /* Pods-TietoVisaTests.debug.xcconfig */;
			buildSettings = {
				ALWAYS_EMBED_SWIFT_STANDARD_LIBRARIES = YES;
				BUNDLE_LOADER = "$(TEST_HOST)";
				DEVELOPMENT_TEAM = 624VJ5N9DG;
				INFOPLIST_FILE = TietoVisaTests/Info.plist;
				LD_RUNPATH_SEARCH_PATHS = "$(inherited) @executable_path/Frameworks @loader_path/Frameworks";
				PRODUCT_BUNDLE_IDENTIFIER = MarkoLehtola.TietoVisaTests;
				PRODUCT_NAME = "$(TARGET_NAME)";
				SWIFT_VERSION = 3.0;
				TEST_HOST = "$(BUILT_PRODUCTS_DIR)/TietoVisa.app/TietoVisa";
			};
			name = Debug;
		};
		ADD2529D1E71B5BC00EEC72D /* Release */ = {
			isa = XCBuildConfiguration;
			baseConfigurationReference = CBEFBBB8051A69302F63380B /* Pods-TietoVisaTests.release.xcconfig */;
			buildSettings = {
				ALWAYS_EMBED_SWIFT_STANDARD_LIBRARIES = YES;
				BUNDLE_LOADER = "$(TEST_HOST)";
				DEVELOPMENT_TEAM = 624VJ5N9DG;
				INFOPLIST_FILE = TietoVisaTests/Info.plist;
				LD_RUNPATH_SEARCH_PATHS = "$(inherited) @executable_path/Frameworks @loader_path/Frameworks";
				PRODUCT_BUNDLE_IDENTIFIER = MarkoLehtola.TietoVisaTests;
				PRODUCT_NAME = "$(TARGET_NAME)";
				SWIFT_VERSION = 3.0;
				TEST_HOST = "$(BUILT_PRODUCTS_DIR)/TietoVisa.app/TietoVisa";
			};
			name = Release;
		};
		ADD2529F1E71B5BC00EEC72D /* Debug */ = {
			isa = XCBuildConfiguration;
			baseConfigurationReference = 5C9461DD6AD37A79F7318170 /* Pods-TietoVisaUITests.debug.xcconfig */;
			buildSettings = {
				ALWAYS_EMBED_SWIFT_STANDARD_LIBRARIES = YES;
				DEVELOPMENT_TEAM = 624VJ5N9DG;
				INFOPLIST_FILE = TietoVisaUITests/Info.plist;
				LD_RUNPATH_SEARCH_PATHS = "$(inherited) @executable_path/Frameworks @loader_path/Frameworks";
				PRODUCT_BUNDLE_IDENTIFIER = MarkoLehtola.TietoVisaUITests;
				PRODUCT_NAME = "$(TARGET_NAME)";
				SWIFT_VERSION = 3.0;
				TEST_TARGET_NAME = TietoVisa;
			};
			name = Debug;
		};
		ADD252A01E71B5BC00EEC72D /* Release */ = {
			isa = XCBuildConfiguration;
			baseConfigurationReference = 6966C71930D5F6E0A92C9600 /* Pods-TietoVisaUITests.release.xcconfig */;
			buildSettings = {
				ALWAYS_EMBED_SWIFT_STANDARD_LIBRARIES = YES;
				DEVELOPMENT_TEAM = 624VJ5N9DG;
				INFOPLIST_FILE = TietoVisaUITests/Info.plist;
				LD_RUNPATH_SEARCH_PATHS = "$(inherited) @executable_path/Frameworks @loader_path/Frameworks";
				PRODUCT_BUNDLE_IDENTIFIER = MarkoLehtola.TietoVisaUITests;
				PRODUCT_NAME = "$(TARGET_NAME)";
				SWIFT_VERSION = 3.0;
				TEST_TARGET_NAME = TietoVisa;
			};
			name = Release;
		};
/* End XCBuildConfiguration section */

/* Begin XCConfigurationList section */
		ADD2526B1E71B5BB00EEC72D /* Build configuration list for PBXProject "TietoVisa" */ = {
			isa = XCConfigurationList;
			buildConfigurations = (
				ADD252961E71B5BC00EEC72D /* Debug */,
				ADD252971E71B5BC00EEC72D /* Release */,
			);
			defaultConfigurationIsVisible = 0;
			defaultConfigurationName = Release;
		};
		ADD252981E71B5BC00EEC72D /* Build configuration list for PBXNativeTarget "TietoVisa" */ = {
			isa = XCConfigurationList;
			buildConfigurations = (
				ADD252991E71B5BC00EEC72D /* Debug */,
				ADD2529A1E71B5BC00EEC72D /* Release */,
			);
			defaultConfigurationIsVisible = 0;
			defaultConfigurationName = Release;
		};
		ADD2529B1E71B5BC00EEC72D /* Build configuration list for PBXNativeTarget "TietoVisaTests" */ = {
			isa = XCConfigurationList;
			buildConfigurations = (
				ADD2529C1E71B5BC00EEC72D /* Debug */,
				ADD2529D1E71B5BC00EEC72D /* Release */,
			);
			defaultConfigurationIsVisible = 0;
			defaultConfigurationName = Release;
		};
		ADD2529E1E71B5BC00EEC72D /* Build configuration list for PBXNativeTarget "TietoVisaUITests" */ = {
			isa = XCConfigurationList;
			buildConfigurations = (
				ADD2529F1E71B5BC00EEC72D /* Debug */,
				ADD252A01E71B5BC00EEC72D /* Release */,
			);
			defaultConfigurationIsVisible = 0;
			defaultConfigurationName = Release;
		};
/* End XCConfigurationList section */

/* Begin XCVersionGroup section */
		ADA19E4E1E84005800F56CA2 /* model.xcdatamodeld */ = {
			isa = XCVersionGroup;
			children = (
				ADA19E4F1E84005800F56CA2 /* model.xcdatamodel */,
			);
			currentVersion = ADA19E4F1E84005800F56CA2 /* model.xcdatamodel */;
			path = model.xcdatamodeld;
			sourceTree = "<group>";
			versionGroupType = wrapper.xcdatamodel;
		};
/* End XCVersionGroup section */
	};
	rootObject = ADD252681E71B5BB00EEC72D /* Project object */;
}
